// !$*UTF8*$!
{
	archiveVersion = 1;
	classes = {
	};
	objectVersion = 46;
	objects = {

/* Begin PBXBuildFile section */
		11E78308190BBF2000535403 /* Foundation.framework in Frameworks */ = {isa = PBXBuildFile; fileRef = 11E78307190BBF2000535403 /* Foundation.framework */; };
		11E7830A190BBF2000535403 /* CoreGraphics.framework in Frameworks */ = {isa = PBXBuildFile; fileRef = 11E78309190BBF2000535403 /* CoreGraphics.framework */; };
		11E7830C190BBF2000535403 /* UIKit.framework in Frameworks */ = {isa = PBXBuildFile; fileRef = 11E7830B190BBF2000535403 /* UIKit.framework */; };
		11E78312190BBF2000535403 /* InfoPlist.strings in Resources */ = {isa = PBXBuildFile; fileRef = 11E78310190BBF2000535403 /* InfoPlist.strings */; };
		11E78314190BBF2000535403 /* main.m in Sources */ = {isa = PBXBuildFile; fileRef = 11E78313190BBF2000535403 /* main.m */; };
		11E78318190BBF2000535403 /* XYZAppDelegate.m in Sources */ = {isa = PBXBuildFile; fileRef = 11E78317190BBF2000535403 /* XYZAppDelegate.m */; };
		11E7831B190BBF2000535403 /* Main.storyboard in Resources */ = {isa = PBXBuildFile; fileRef = 11E78319190BBF2000535403 /* Main.storyboard */; };
		11E7831E190BBF2000535403 /* XYZViewController.m in Sources */ = {isa = PBXBuildFile; fileRef = 11E7831D190BBF2000535403 /* XYZViewController.m */; };
		11E78320190BBF2000535403 /* Images.xcassets in Resources */ = {isa = PBXBuildFile; fileRef = 11E7831F190BBF2000535403 /* Images.xcassets */; };
		11E78327190BBF2000535403 /* XCTest.framework in Frameworks */ = {isa = PBXBuildFile; fileRef = 11E78326190BBF2000535403 /* XCTest.framework */; };
		11E78328190BBF2000535403 /* Foundation.framework in Frameworks */ = {isa = PBXBuildFile; fileRef = 11E78307190BBF2000535403 /* Foundation.framework */; };
		11E78329190BBF2000535403 /* UIKit.framework in Frameworks */ = {isa = PBXBuildFile; fileRef = 11E7830B190BBF2000535403 /* UIKit.framework */; };
		11E78331190BBF2100535403 /* InfoPlist.strings in Resources */ = {isa = PBXBuildFile; fileRef = 11E7832F190BBF2100535403 /* InfoPlist.strings */; };
		11E78333190BBF2100535403 /* U9Tests.m in Sources */ = {isa = PBXBuildFile; fileRef = 11E78332190BBF2100535403 /* U9Tests.m */; };
		11E7833D190BC1C100535403 /* AVFoundation.framework in Frameworks */ = {isa = PBXBuildFile; fileRef = 11E7833C190BC1C100535403 /* AVFoundation.framework */; };
		11E78340190D5AF300535403 /* XYZLanguageListTableViewController.m in Sources */ = {isa = PBXBuildFile; fileRef = 11E7833F190D5AF300535403 /* XYZLanguageListTableViewController.m */; };
		11E7836C190EE3E100535403 /* ar-SA.png in Resources */ = {isa = PBXBuildFile; fileRef = 11E78348190EE3E100535403 /* ar-SA.png */; };
		11E7836D190EE3E100535403 /* cs-CZ.png in Resources */ = {isa = PBXBuildFile; fileRef = 11E78349190EE3E100535403 /* cs-CZ.png */; };
		11E7836E190EE3E100535403 /* da-DK.png in Resources */ = {isa = PBXBuildFile; fileRef = 11E7834A190EE3E100535403 /* da-DK.png */; };
		11E7836F190EE3E100535403 /* de-DE.png in Resources */ = {isa = PBXBuildFile; fileRef = 11E7834B190EE3E100535403 /* de-DE.png */; };
		11E78370190EE3E100535403 /* el-GR.png in Resources */ = {isa = PBXBuildFile; fileRef = 11E7834C190EE3E100535403 /* el-GR.png */; };
		11E78371190EE3E100535403 /* en-AU.png in Resources */ = {isa = PBXBuildFile; fileRef = 11E7834D190EE3E100535403 /* en-AU.png */; };
		11E78372190EE3E100535403 /* en-GB.png in Resources */ = {isa = PBXBuildFile; fileRef = 11E7834E190EE3E100535403 /* en-GB.png */; };
		11E78373190EE3E100535403 /* en-IE.png in Resources */ = {isa = PBXBuildFile; fileRef = 11E7834F190EE3E100535403 /* en-IE.png */; };
		11E78374190EE3E100535403 /* en-US.png in Resources */ = {isa = PBXBuildFile; fileRef = 11E78350190EE3E100535403 /* en-US.png */; };
		11E78375190EE3E100535403 /* en-ZA.png in Resources */ = {isa = PBXBuildFile; fileRef = 11E78351190EE3E100535403 /* en-ZA.png */; };
		11E78376190EE3E100535403 /* es-ES.png in Resources */ = {isa = PBXBuildFile; fileRef = 11E78352190EE3E100535403 /* es-ES.png */; };
		11E78377190EE3E100535403 /* es-MX.png in Resources */ = {isa = PBXBuildFile; fileRef = 11E78353190EE3E100535403 /* es-MX.png */; };
		11E78378190EE3E100535403 /* fi-FI.png in Resources */ = {isa = PBXBuildFile; fileRef = 11E78354190EE3E100535403 /* fi-FI.png */; };
		11E78379190EE3E100535403 /* fr-CA.png in Resources */ = {isa = PBXBuildFile; fileRef = 11E78355190EE3E100535403 /* fr-CA.png */; };
		11E7837A190EE3E100535403 /* fr-FR.png in Resources */ = {isa = PBXBuildFile; fileRef = 11E78356190EE3E100535403 /* fr-FR.png */; };
		11E7837B190EE3E100535403 /* hi-IN.png in Resources */ = {isa = PBXBuildFile; fileRef = 11E78357190EE3E100535403 /* hi-IN.png */; };
		11E7837C190EE3E100535403 /* hu-HU.png in Resources */ = {isa = PBXBuildFile; fileRef = 11E78358190EE3E100535403 /* hu-HU.png */; };
		11E7837D190EE3E100535403 /* id-ID.png in Resources */ = {isa = PBXBuildFile; fileRef = 11E78359190EE3E100535403 /* id-ID.png */; };
		11E7837E190EE3E100535403 /* it-IT.png in Resources */ = {isa = PBXBuildFile; fileRef = 11E7835A190EE3E100535403 /* it-IT.png */; };
		11E7837F190EE3E100535403 /* ja-JP.png in Resources */ = {isa = PBXBuildFile; fileRef = 11E7835B190EE3E100535403 /* ja-JP.png */; };
		11E78380190EE3E100535403 /* ko-KR.png in Resources */ = {isa = PBXBuildFile; fileRef = 11E7835C190EE3E100535403 /* ko-KR.png */; };
		11E78381190EE3E100535403 /* nl-BE.png in Resources */ = {isa = PBXBuildFile; fileRef = 11E7835D190EE3E100535403 /* nl-BE.png */; };
		11E78382190EE3E100535403 /* nl-NL.png in Resources */ = {isa = PBXBuildFile; fileRef = 11E7835E190EE3E100535403 /* nl-NL.png */; };
		11E78383190EE3E100535403 /* no-NO.png in Resources */ = {isa = PBXBuildFile; fileRef = 11E7835F190EE3E100535403 /* no-NO.png */; };
		11E78384190EE3E100535403 /* pl-PL.png in Resources */ = {isa = PBXBuildFile; fileRef = 11E78360190EE3E100535403 /* pl-PL.png */; };
		11E78385190EE3E100535403 /* pt-BR.png in Resources */ = {isa = PBXBuildFile; fileRef = 11E78361190EE3E100535403 /* pt-BR.png */; };
		11E78386190EE3E100535403 /* pt-PT.png in Resources */ = {isa = PBXBuildFile; fileRef = 11E78362190EE3E100535403 /* pt-PT.png */; };
		11E78387190EE3E100535403 /* ro-RO.png in Resources */ = {isa = PBXBuildFile; fileRef = 11E78363190EE3E100535403 /* ro-RO.png */; };
		11E78388190EE3E100535403 /* ru-RU.png in Resources */ = {isa = PBXBuildFile; fileRef = 11E78364190EE3E100535403 /* ru-RU.png */; };
		11E78389190EE3E100535403 /* sk-SK.png in Resources */ = {isa = PBXBuildFile; fileRef = 11E78365190EE3E100535403 /* sk-SK.png */; };
		11E7838A190EE3E100535403 /* sv-SE.png in Resources */ = {isa = PBXBuildFile; fileRef = 11E78366190EE3E100535403 /* sv-SE.png */; };
		11E7838B190EE3E100535403 /* th-TH.png in Resources */ = {isa = PBXBuildFile; fileRef = 11E78367190EE3E100535403 /* th-TH.png */; };
		11E7838C190EE3E100535403 /* tr-TR.png in Resources */ = {isa = PBXBuildFile; fileRef = 11E78368190EE3E100535403 /* tr-TR.png */; };
		11E7838D190EE3E100535403 /* zh-CN.png in Resources */ = {isa = PBXBuildFile; fileRef = 11E78369190EE3E100535403 /* zh-CN.png */; };
		11E7838E190EE3E100535403 /* zh-HK.png in Resources */ = {isa = PBXBuildFile; fileRef = 11E7836A190EE3E100535403 /* zh-HK.png */; };
		11E7838F190EE3E100535403 /* zh-TW.png in Resources */ = {isa = PBXBuildFile; fileRef = 11E7836B190EE3E100535403 /* zh-TW.png */; };
		11E78392190F2D9100535403 /* XYZLanguage.m in Sources */ = {isa = PBXBuildFile; fileRef = 11E78391190F2D9100535403 /* XYZLanguage.m */; };
		11E78394190FB7B700535403 /* translate_arr.png in Resources */ = {isa = PBXBuildFile; fileRef = 11E78393190FB7B700535403 /* translate_arr.png */; };
/* End PBXBuildFile section */

/* Begin PBXContainerItemProxy section */
		11E7832A190BBF2000535403 /* PBXContainerItemProxy */ = {
			isa = PBXContainerItemProxy;
			containerPortal = 11E782FC190BBF2000535403 /* Project object */;
			proxyType = 1;
			remoteGlobalIDString = 11E78303190BBF2000535403;
			remoteInfo = U9;
		};
/* End PBXContainerItemProxy section */

/* Begin PBXFileReference section */
		11E78304190BBF2000535403 /* U9.app */ = {isa = PBXFileReference; explicitFileType = wrapper.application; includeInIndex = 0; path = U9.app; sourceTree = BUILT_PRODUCTS_DIR; };
		11E78307190BBF2000535403 /* Foundation.framework */ = {isa = PBXFileReference; lastKnownFileType = wrapper.framework; name = Foundation.framework; path = System/Library/Frameworks/Foundation.framework; sourceTree = SDKROOT; };
		11E78309190BBF2000535403 /* CoreGraphics.framework */ = {isa = PBXFileReference; lastKnownFileType = wrapper.framework; name = CoreGraphics.framework; path = System/Library/Frameworks/CoreGraphics.framework; sourceTree = SDKROOT; };
		11E7830B190BBF2000535403 /* UIKit.framework */ = {isa = PBXFileReference; lastKnownFileType = wrapper.framework; name = UIKit.framework; path = System/Library/Frameworks/UIKit.framework; sourceTree = SDKROOT; };
		11E7830F190BBF2000535403 /* U9-Info.plist */ = {isa = PBXFileReference; lastKnownFileType = text.plist.xml; path = "U9-Info.plist"; sourceTree = "<group>"; };
		11E78311190BBF2000535403 /* en */ = {isa = PBXFileReference; lastKnownFileType = text.plist.strings; name = en; path = en.lproj/InfoPlist.strings; sourceTree = "<group>"; };
		11E78313190BBF2000535403 /* main.m */ = {isa = PBXFileReference; lastKnownFileType = sourcecode.c.objc; path = main.m; sourceTree = "<group>"; };
		11E78315190BBF2000535403 /* U9-Prefix.pch */ = {isa = PBXFileReference; lastKnownFileType = sourcecode.c.h; path = "U9-Prefix.pch"; sourceTree = "<group>"; };
		11E78316190BBF2000535403 /* XYZAppDelegate.h */ = {isa = PBXFileReference; lastKnownFileType = sourcecode.c.h; path = XYZAppDelegate.h; sourceTree = "<group>"; };
		11E78317190BBF2000535403 /* XYZAppDelegate.m */ = {isa = PBXFileReference; lastKnownFileType = sourcecode.c.objc; path = XYZAppDelegate.m; sourceTree = "<group>"; };
		11E7831A190BBF2000535403 /* Base */ = {isa = PBXFileReference; lastKnownFileType = file.storyboard; name = Base; path = Base.lproj/Main.storyboard; sourceTree = "<group>"; };
		11E7831C190BBF2000535403 /* XYZViewController.h */ = {isa = PBXFileReference; lastKnownFileType = sourcecode.c.h; path = XYZViewController.h; sourceTree = "<group>"; };
		11E7831D190BBF2000535403 /* XYZViewController.m */ = {isa = PBXFileReference; lastKnownFileType = sourcecode.c.objc; path = XYZViewController.m; sourceTree = "<group>"; };
		11E7831F190BBF2000535403 /* Images.xcassets */ = {isa = PBXFileReference; lastKnownFileType = folder.assetcatalog; path = Images.xcassets; sourceTree = "<group>"; };
		11E78325190BBF2000535403 /* U9Tests.xctest */ = {isa = PBXFileReference; explicitFileType = wrapper.cfbundle; includeInIndex = 0; path = U9Tests.xctest; sourceTree = BUILT_PRODUCTS_DIR; };
		11E78326190BBF2000535403 /* XCTest.framework */ = {isa = PBXFileReference; lastKnownFileType = wrapper.framework; name = XCTest.framework; path = Library/Frameworks/XCTest.framework; sourceTree = DEVELOPER_DIR; };
		11E7832E190BBF2100535403 /* U9Tests-Info.plist */ = {isa = PBXFileReference; lastKnownFileType = text.plist.xml; path = "U9Tests-Info.plist"; sourceTree = "<group>"; };
		11E78330190BBF2100535403 /* en */ = {isa = PBXFileReference; lastKnownFileType = text.plist.strings; name = en; path = en.lproj/InfoPlist.strings; sourceTree = "<group>"; };
		11E78332190BBF2100535403 /* U9Tests.m */ = {isa = PBXFileReference; lastKnownFileType = sourcecode.c.objc; path = U9Tests.m; sourceTree = "<group>"; };
		11E7833C190BC1C100535403 /* AVFoundation.framework */ = {isa = PBXFileReference; lastKnownFileType = wrapper.framework; name = AVFoundation.framework; path = System/Library/Frameworks/AVFoundation.framework; sourceTree = SDKROOT; };
		11E7833E190D5AF300535403 /* XYZLanguageListTableViewController.h */ = {isa = PBXFileReference; fileEncoding = 4; lastKnownFileType = sourcecode.c.h; path = XYZLanguageListTableViewController.h; sourceTree = "<group>"; };
		11E7833F190D5AF300535403 /* XYZLanguageListTableViewController.m */ = {isa = PBXFileReference; fileEncoding = 4; lastKnownFileType = sourcecode.c.objc; path = XYZLanguageListTableViewController.m; sourceTree = "<group>"; };
		11E78348190EE3E100535403 /* ar-SA.png */ = {isa = PBXFileReference; lastKnownFileType = image.png; path = "ar-SA.png"; sourceTree = "<group>"; };
		11E78349190EE3E100535403 /* cs-CZ.png */ = {isa = PBXFileReference; lastKnownFileType = image.png; path = "cs-CZ.png"; sourceTree = "<group>"; };
		11E7834A190EE3E100535403 /* da-DK.png */ = {isa = PBXFileReference; lastKnownFileType = image.png; path = "da-DK.png"; sourceTree = "<group>"; };
		11E7834B190EE3E100535403 /* de-DE.png */ = {isa = PBXFileReference; lastKnownFileType = image.png; path = "de-DE.png"; sourceTree = "<group>"; };
		11E7834C190EE3E100535403 /* el-GR.png */ = {isa = PBXFileReference; lastKnownFileType = image.png; path = "el-GR.png"; sourceTree = "<group>"; };
		11E7834D190EE3E100535403 /* en-AU.png */ = {isa = PBXFileReference; lastKnownFileType = image.png; path = "en-AU.png"; sourceTree = "<group>"; };
		11E7834E190EE3E100535403 /* en-GB.png */ = {isa = PBXFileReference; lastKnownFileType = image.png; path = "en-GB.png"; sourceTree = "<group>"; };
		11E7834F190EE3E100535403 /* en-IE.png */ = {isa = PBXFileReference; lastKnownFileType = image.png; path = "en-IE.png"; sourceTree = "<group>"; };
		11E78350190EE3E100535403 /* en-US.png */ = {isa = PBXFileReference; lastKnownFileType = image.png; path = "en-US.png"; sourceTree = "<group>"; };
		11E78351190EE3E100535403 /* en-ZA.png */ = {isa = PBXFileReference; lastKnownFileType = image.png; path = "en-ZA.png"; sourceTree = "<group>"; };
		11E78352190EE3E100535403 /* es-ES.png */ = {isa = PBXFileReference; lastKnownFileType = image.png; path = "es-ES.png"; sourceTree = "<group>"; };
		11E78353190EE3E100535403 /* es-MX.png */ = {isa = PBXFileReference; lastKnownFileType = image.png; path = "es-MX.png"; sourceTree = "<group>"; };
		11E78354190EE3E100535403 /* fi-FI.png */ = {isa = PBXFileReference; lastKnownFileType = image.png; path = "fi-FI.png"; sourceTree = "<group>"; };
		11E78355190EE3E100535403 /* fr-CA.png */ = {isa = PBXFileReference; lastKnownFileType = image.png; path = "fr-CA.png"; sourceTree = "<group>"; };
		11E78356190EE3E100535403 /* fr-FR.png */ = {isa = PBXFileReference; lastKnownFileType = image.png; path = "fr-FR.png"; sourceTree = "<group>"; };
		11E78357190EE3E100535403 /* hi-IN.png */ = {isa = PBXFileReference; lastKnownFileType = image.png; path = "hi-IN.png"; sourceTree = "<group>"; };
		11E78358190EE3E100535403 /* hu-HU.png */ = {isa = PBXFileReference; lastKnownFileType = image.png; path = "hu-HU.png"; sourceTree = "<group>"; };
		11E78359190EE3E100535403 /* id-ID.png */ = {isa = PBXFileReference; lastKnownFileType = image.png; path = "id-ID.png"; sourceTree = "<group>"; };
		11E7835A190EE3E100535403 /* it-IT.png */ = {isa = PBXFileReference; lastKnownFileType = image.png; path = "it-IT.png"; sourceTree = "<group>"; };
		11E7835B190EE3E100535403 /* ja-JP.png */ = {isa = PBXFileReference; lastKnownFileType = image.png; path = "ja-JP.png"; sourceTree = "<group>"; };
		11E7835C190EE3E100535403 /* ko-KR.png */ = {isa = PBXFileReference; lastKnownFileType = image.png; path = "ko-KR.png"; sourceTree = "<group>"; };
		11E7835D190EE3E100535403 /* nl-BE.png */ = {isa = PBXFileReference; lastKnownFileType = image.png; path = "nl-BE.png"; sourceTree = "<group>"; };
		11E7835E190EE3E100535403 /* nl-NL.png */ = {isa = PBXFileReference; lastKnownFileType = image.png; path = "nl-NL.png"; sourceTree = "<group>"; };
		11E7835F190EE3E100535403 /* no-NO.png */ = {isa = PBXFileReference; lastKnownFileType = image.png; path = "no-NO.png"; sourceTree = "<group>"; };
		11E78360190EE3E100535403 /* pl-PL.png */ = {isa = PBXFileReference; lastKnownFileType = image.png; path = "pl-PL.png"; sourceTree = "<group>"; };
		11E78361190EE3E100535403 /* pt-BR.png */ = {isa = PBXFileReference; lastKnownFileType = image.png; path = "pt-BR.png"; sourceTree = "<group>"; };
		11E78362190EE3E100535403 /* pt-PT.png */ = {isa = PBXFileReference; lastKnownFileType = image.png; path = "pt-PT.png"; sourceTree = "<group>"; };
		11E78363190EE3E100535403 /* ro-RO.png */ = {isa = PBXFileReference; lastKnownFileType = image.png; path = "ro-RO.png"; sourceTree = "<group>"; };
		11E78364190EE3E100535403 /* ru-RU.png */ = {isa = PBXFileReference; lastKnownFileType = image.png; path = "ru-RU.png"; sourceTree = "<group>"; };
		11E78365190EE3E100535403 /* sk-SK.png */ = {isa = PBXFileReference; lastKnownFileType = image.png; path = "sk-SK.png"; sourceTree = "<group>"; };
		11E78366190EE3E100535403 /* sv-SE.png */ = {isa = PBXFileReference; lastKnownFileType = image.png; path = "sv-SE.png"; sourceTree = "<group>"; };
		11E78367190EE3E100535403 /* th-TH.png */ = {isa = PBXFileReference; lastKnownFileType = image.png; path = "th-TH.png"; sourceTree = "<group>"; };
		11E78368190EE3E100535403 /* tr-TR.png */ = {isa = PBXFileReference; lastKnownFileType = image.png; path = "tr-TR.png"; sourceTree = "<group>"; };
		11E78369190EE3E100535403 /* zh-CN.png */ = {isa = PBXFileReference; lastKnownFileType = image.png; path = "zh-CN.png"; sourceTree = "<group>"; };
		11E7836A190EE3E100535403 /* zh-HK.png */ = {isa = PBXFileReference; lastKnownFileType = image.png; path = "zh-HK.png"; sourceTree = "<group>"; };
		11E7836B190EE3E100535403 /* zh-TW.png */ = {isa = PBXFileReference; lastKnownFileType = image.png; path = "zh-TW.png"; sourceTree = "<group>"; };
		11E78390190F2D9100535403 /* XYZLanguage.h */ = {isa = PBXFileReference; fileEncoding = 4; lastKnownFileType = sourcecode.c.h; path = XYZLanguage.h; sourceTree = "<group>"; };
		11E78391190F2D9100535403 /* XYZLanguage.m */ = {isa = PBXFileReference; fileEncoding = 4; lastKnownFileType = sourcecode.c.objc; path = XYZLanguage.m; sourceTree = "<group>"; };
		11E78393190FB7B700535403 /* translate_arr.png */ = {isa = PBXFileReference; lastKnownFileType = image.png; path = translate_arr.png; sourceTree = "<group>"; };
/* End PBXFileReference section */

/* Begin PBXFrameworksBuildPhase section */
		11E78301190BBF2000535403 /* Frameworks */ = {
			isa = PBXFrameworksBuildPhase;
			buildActionMask = 2147483647;
			files = (
				11E7833D190BC1C100535403 /* AVFoundation.framework in Frameworks */,
				11E7830A190BBF2000535403 /* CoreGraphics.framework in Frameworks */,
				11E7830C190BBF2000535403 /* UIKit.framework in Frameworks */,
				11E78308190BBF2000535403 /* Foundation.framework in Frameworks */,
			);
			runOnlyForDeploymentPostprocessing = 0;
		};
		11E78322190BBF2000535403 /* Frameworks */ = {
			isa = PBXFrameworksBuildPhase;
			buildActionMask = 2147483647;
			files = (
				11E78327190BBF2000535403 /* XCTest.framework in Frameworks */,
				11E78329190BBF2000535403 /* UIKit.framework in Frameworks */,
				11E78328190BBF2000535403 /* Foundation.framework in Frameworks */,
			);
			runOnlyForDeploymentPostprocessing = 0;
		};
/* End PBXFrameworksBuildPhase section */

/* Begin PBXGroup section */
		11E782FB190BBF2000535403 = {
			isa = PBXGroup;
			children = (
				11E7830D190BBF2000535403 /* U9 */,
				11E7832C190BBF2000535403 /* U9Tests */,
				11E78306190BBF2000535403 /* Frameworks */,
				11E78305190BBF2000535403 /* Products */,
			);
			sourceTree = "<group>";
		};
		11E78305190BBF2000535403 /* Products */ = {
			isa = PBXGroup;
			children = (
				11E78304190BBF2000535403 /* U9.app */,
				11E78325190BBF2000535403 /* U9Tests.xctest */,
			);
			name = Products;
			sourceTree = "<group>";
		};
		11E78306190BBF2000535403 /* Frameworks */ = {
			isa = PBXGroup;
			children = (
				11E7833C190BC1C100535403 /* AVFoundation.framework */,
				11E78307190BBF2000535403 /* Foundation.framework */,
				11E78309190BBF2000535403 /* CoreGraphics.framework */,
				11E7830B190BBF2000535403 /* UIKit.framework */,
				11E78326190BBF2000535403 /* XCTest.framework */,
			);
			name = Frameworks;
			sourceTree = "<group>";
		};
		11E7830D190BBF2000535403 /* U9 */ = {
			isa = PBXGroup;
			children = (
				11E78316190BBF2000535403 /* XYZAppDelegate.h */,
				11E78317190BBF2000535403 /* XYZAppDelegate.m */,
				11E78319190BBF2000535403 /* Main.storyboard */,
				11E7833E190D5AF300535403 /* XYZLanguageListTableViewController.h */,
				11E7833F190D5AF300535403 /* XYZLanguageListTableViewController.m */,
				11E78390190F2D9100535403 /* XYZLanguage.h */,
				11E78391190F2D9100535403 /* XYZLanguage.m */,
				11E7831C190BBF2000535403 /* XYZViewController.h */,
				11E7831D190BBF2000535403 /* XYZViewController.m */,
				11E7831F190BBF2000535403 /* Images.xcassets */,
				11E7830E190BBF2000535403 /* Supporting Files */,
			);
			path = U9;
			sourceTree = "<group>";
		};
		11E7830E190BBF2000535403 /* Supporting Files */ = {
			isa = PBXGroup;
			children = (
				11E78347190EE3E100535403 /* Flags */,
				11E7830F190BBF2000535403 /* U9-Info.plist */,
				11E78393190FB7B700535403 /* translate_arr.png */,
				11E78310190BBF2000535403 /* InfoPlist.strings */,
				11E78313190BBF2000535403 /* main.m */,
				11E78315190BBF2000535403 /* U9-Prefix.pch */,
			);
			name = "Supporting Files";
			sourceTree = "<group>";
		};
		11E7832C190BBF2000535403 /* U9Tests */ = {
			isa = PBXGroup;
			children = (
				11E78332190BBF2100535403 /* U9Tests.m */,
				11E7832D190BBF2000535403 /* Supporting Files */,
			);
			path = U9Tests;
			sourceTree = "<group>";
		};
		11E7832D190BBF2000535403 /* Supporting Files */ = {
			isa = PBXGroup;
			children = (
				11E7832E190BBF2100535403 /* U9Tests-Info.plist */,
				11E7832F190BBF2100535403 /* InfoPlist.strings */,
			);
			name = "Supporting Files";
			sourceTree = "<group>";
		};
		11E78347190EE3E100535403 /* Flags */ = {
			isa = PBXGroup;
			children = (
				11E78348190EE3E100535403 /* ar-SA.png */,
				11E78349190EE3E100535403 /* cs-CZ.png */,
				11E7834A190EE3E100535403 /* da-DK.png */,
				11E7834B190EE3E100535403 /* de-DE.png */,
				11E7834C190EE3E100535403 /* el-GR.png */,
				11E7834D190EE3E100535403 /* en-AU.png */,
				11E7834E190EE3E100535403 /* en-GB.png */,
				11E7834F190EE3E100535403 /* en-IE.png */,
				11E78350190EE3E100535403 /* en-US.png */,
				11E78351190EE3E100535403 /* en-ZA.png */,
				11E78352190EE3E100535403 /* es-ES.png */,
				11E78353190EE3E100535403 /* es-MX.png */,
				11E78354190EE3E100535403 /* fi-FI.png */,
				11E78355190EE3E100535403 /* fr-CA.png */,
				11E78356190EE3E100535403 /* fr-FR.png */,
				11E78357190EE3E100535403 /* hi-IN.png */,
				11E78358190EE3E100535403 /* hu-HU.png */,
				11E78359190EE3E100535403 /* id-ID.png */,
				11E7835A190EE3E100535403 /* it-IT.png */,
				11E7835B190EE3E100535403 /* ja-JP.png */,
				11E7835C190EE3E100535403 /* ko-KR.png */,
				11E7835D190EE3E100535403 /* nl-BE.png */,
				11E7835E190EE3E100535403 /* nl-NL.png */,
				11E7835F190EE3E100535403 /* no-NO.png */,
				11E78360190EE3E100535403 /* pl-PL.png */,
				11E78361190EE3E100535403 /* pt-BR.png */,
				11E78362190EE3E100535403 /* pt-PT.png */,
				11E78363190EE3E100535403 /* ro-RO.png */,
				11E78364190EE3E100535403 /* ru-RU.png */,
				11E78365190EE3E100535403 /* sk-SK.png */,
				11E78366190EE3E100535403 /* sv-SE.png */,
				11E78367190EE3E100535403 /* th-TH.png */,
				11E78368190EE3E100535403 /* tr-TR.png */,
				11E78369190EE3E100535403 /* zh-CN.png */,
				11E7836A190EE3E100535403 /* zh-HK.png */,
				11E7836B190EE3E100535403 /* zh-TW.png */,
			);
			path = Flags;
			sourceTree = "<group>";
		};
/* End PBXGroup section */

/* Begin PBXNativeTarget section */
		11E78303190BBF2000535403 /* U9 */ = {
			isa = PBXNativeTarget;
			buildConfigurationList = 11E78336190BBF2100535403 /* Build configuration list for PBXNativeTarget "U9" */;
			buildPhases = (
				11E78300190BBF2000535403 /* Sources */,
				11E78301190BBF2000535403 /* Frameworks */,
				11E78302190BBF2000535403 /* Resources */,
			);
			buildRules = (
			);
			dependencies = (
			);
			name = U9;
			productName = U9;
			productReference = 11E78304190BBF2000535403 /* U9.app */;
			productType = "com.apple.product-type.application";
		};
		11E78324190BBF2000535403 /* U9Tests */ = {
			isa = PBXNativeTarget;
			buildConfigurationList = 11E78339190BBF2100535403 /* Build configuration list for PBXNativeTarget "U9Tests" */;
			buildPhases = (
				11E78321190BBF2000535403 /* Sources */,
				11E78322190BBF2000535403 /* Frameworks */,
				11E78323190BBF2000535403 /* Resources */,
			);
			buildRules = (
			);
			dependencies = (
				11E7832B190BBF2000535403 /* PBXTargetDependency */,
			);
			name = U9Tests;
			productName = U9Tests;
			productReference = 11E78325190BBF2000535403 /* U9Tests.xctest */;
			productType = "com.apple.product-type.bundle.unit-test";
		};
/* End PBXNativeTarget section */

/* Begin PBXProject section */
		11E782FC190BBF2000535403 /* Project object */ = {
			isa = PBXProject;
			attributes = {
				CLASSPREFIX = XYZ;
				LastUpgradeCheck = 0510;
				ORGANIZATIONNAME = "Alexander Jägbeck";
				TargetAttributes = {
					11E78324190BBF2000535403 = {
						TestTargetID = 11E78303190BBF2000535403;
					};
				};
			};
			buildConfigurationList = 11E782FF190BBF2000535403 /* Build configuration list for PBXProject "U9" */;
			compatibilityVersion = "Xcode 3.2";
			developmentRegion = English;
			hasScannedForEncodings = 0;
			knownRegions = (
				en,
				Base,
			);
			mainGroup = 11E782FB190BBF2000535403;
			productRefGroup = 11E78305190BBF2000535403 /* Products */;
			projectDirPath = "";
			projectRoot = "";
			targets = (
				11E78303190BBF2000535403 /* U9 */,
				11E78324190BBF2000535403 /* U9Tests */,
			);
		};
/* End PBXProject section */

/* Begin PBXResourcesBuildPhase section */
		11E78302190BBF2000535403 /* Resources */ = {
			isa = PBXResourcesBuildPhase;
			buildActionMask = 2147483647;
			files = (
				11E7838A190EE3E100535403 /* sv-SE.png in Resources */,
				11E7836F190EE3E100535403 /* de-DE.png in Resources */,
				11E7836D190EE3E100535403 /* cs-CZ.png in Resources */,
				11E78375190EE3E100535403 /* en-ZA.png in Resources */,
				11E7836E190EE3E100535403 /* da-DK.png in Resources */,
				11E78370190EE3E100535403 /* el-GR.png in Resources */,
				11E7838E190EE3E100535403 /* zh-HK.png in Resources */,
				11E7837A190EE3E100535403 /* fr-FR.png in Resources */,
				11E78376190EE3E100535403 /* es-ES.png in Resources */,
				11E7836C190EE3E100535403 /* ar-SA.png in Resources */,
				11E7837D190EE3E100535403 /* id-ID.png in Resources */,
				11E7838D190EE3E100535403 /* zh-CN.png in Resources */,
				11E78378190EE3E100535403 /* fi-FI.png in Resources */,
				11E7838F190EE3E100535403 /* zh-TW.png in Resources */,
				11E78389190EE3E100535403 /* sk-SK.png in Resources */,
				11E7837F190EE3E100535403 /* ja-JP.png in Resources */,
				11E78387190EE3E100535403 /* ro-RO.png in Resources */,
				11E78371190EE3E100535403 /* en-AU.png in Resources */,
				11E78377190EE3E100535403 /* es-MX.png in Resources */,
				11E78320190BBF2000535403 /* Images.xcassets in Resources */,
				11E7838C190EE3E100535403 /* tr-TR.png in Resources */,
				11E78372190EE3E100535403 /* en-GB.png in Resources */,
				11E78394190FB7B700535403 /* translate_arr.png in Resources */,
				11E78374190EE3E100535403 /* en-US.png in Resources */,
				11E78380190EE3E100535403 /* ko-KR.png in Resources */,
				11E78382190EE3E100535403 /* nl-NL.png in Resources */,
				11E78383190EE3E100535403 /* no-NO.png in Resources */,
				11E78381190EE3E100535403 /* nl-BE.png in Resources */,
				11E7837E190EE3E100535403 /* it-IT.png in Resources */,
				11E78384190EE3E100535403 /* pl-PL.png in Resources */,
				11E7838B190EE3E100535403 /* th-TH.png in Resources */,
				11E78388190EE3E100535403 /* ru-RU.png in Resources */,
				11E78373190EE3E100535403 /* en-IE.png in Resources */,
				11E78312190BBF2000535403 /* InfoPlist.strings in Resources */,
				11E7837B190EE3E100535403 /* hi-IN.png in Resources */,
				11E78386190EE3E100535403 /* pt-PT.png in Resources */,
				11E7831B190BBF2000535403 /* Main.storyboard in Resources */,
				11E78385190EE3E100535403 /* pt-BR.png in Resources */,
				11E78379190EE3E100535403 /* fr-CA.png in Resources */,
				11E7837C190EE3E100535403 /* hu-HU.png in Resources */,
			);
			runOnlyForDeploymentPostprocessing = 0;
		};
		11E78323190BBF2000535403 /* Resources */ = {
			isa = PBXResourcesBuildPhase;
			buildActionMask = 2147483647;
			files = (
				11E78331190BBF2100535403 /* InfoPlist.strings in Resources */,
			);
			runOnlyForDeploymentPostprocessing = 0;
		};
/* End PBXResourcesBuildPhase section */

/* Begin PBXSourcesBuildPhase section */
		11E78300190BBF2000535403 /* Sources */ = {
			isa = PBXSourcesBuildPhase;
			buildActionMask = 2147483647;
			files = (
				11E7831E190BBF2000535403 /* XYZViewController.m in Sources */,
				11E78392190F2D9100535403 /* XYZLanguage.m in Sources */,
				11E78340190D5AF300535403 /* XYZLanguageListTableViewController.m in Sources */,
				11E78318190BBF2000535403 /* XYZAppDelegate.m in Sources */,
				11E78314190BBF2000535403 /* main.m in Sources */,
			);
			runOnlyForDeploymentPostprocessing = 0;
		};
		11E78321190BBF2000535403 /* Sources */ = {
			isa = PBXSourcesBuildPhase;
			buildActionMask = 2147483647;
			files = (
				11E78333190BBF2100535403 /* U9Tests.m in Sources */,
			);
			runOnlyForDeploymentPostprocessing = 0;
		};
/* End PBXSourcesBuildPhase section */

/* Begin PBXTargetDependency section */
		11E7832B190BBF2000535403 /* PBXTargetDependency */ = {
			isa = PBXTargetDependency;
			target = 11E78303190BBF2000535403 /* U9 */;
			targetProxy = 11E7832A190BBF2000535403 /* PBXContainerItemProxy */;
		};
/* End PBXTargetDependency section */

/* Begin PBXVariantGroup section */
		11E78310190BBF2000535403 /* InfoPlist.strings */ = {
			isa = PBXVariantGroup;
			children = (
				11E78311190BBF2000535403 /* en */,
			);
			name = InfoPlist.strings;
			sourceTree = "<group>";
		};
		11E78319190BBF2000535403 /* Main.storyboard */ = {
			isa = PBXVariantGroup;
			children = (
				11E7831A190BBF2000535403 /* Base */,
			);
			name = Main.storyboard;
			sourceTree = "<group>";
		};
		11E7832F190BBF2100535403 /* InfoPlist.strings */ = {
			isa = PBXVariantGroup;
			children = (
				11E78330190BBF2100535403 /* en */,
			);
			name = InfoPlist.strings;
			sourceTree = "<group>";
		};
/* End PBXVariantGroup section */

/* Begin XCBuildConfiguration section */
		11E78334190BBF2100535403 /* Debug */ = {
			isa = XCBuildConfiguration;
			buildSettings = {
				ALWAYS_SEARCH_USER_PATHS = NO;
				CLANG_CXX_LANGUAGE_STANDARD = "gnu++0x";
				CLANG_CXX_LIBRARY = "libc++";
				CLANG_ENABLE_MODULES = YES;
				CLANG_ENABLE_OBJC_ARC = YES;
				CLANG_WARN_BOOL_CONVERSION = YES;
				CLANG_WARN_CONSTANT_CONVERSION = YES;
				CLANG_WARN_DIRECT_OBJC_ISA_USAGE = YES_ERROR;
				CLANG_WARN_EMPTY_BODY = YES;
				CLANG_WARN_ENUM_CONVERSION = YES;
				CLANG_WARN_INT_CONVERSION = YES;
				CLANG_WARN_OBJC_ROOT_CLASS = YES_ERROR;
				CLANG_WARN__DUPLICATE_METHOD_MATCH = YES;
				"CODE_SIGN_IDENTITY[sdk=iphoneos*]" = "iPhone Developer";
				COPY_PHASE_STRIP = NO;
				GCC_C_LANGUAGE_STANDARD = gnu99;
				GCC_DYNAMIC_NO_PIC = NO;
				GCC_OPTIMIZATION_LEVEL = 0;
				GCC_PREPROCESSOR_DEFINITIONS = (
					"DEBUG=1",
					"$(inherited)",
				);
				GCC_SYMBOLS_PRIVATE_EXTERN = NO;
				GCC_WARN_64_TO_32_BIT_CONVERSION = YES;
				GCC_WARN_ABOUT_RETURN_TYPE = YES_ERROR;
				GCC_WARN_UNDECLARED_SELECTOR = YES;
				GCC_WARN_UNINITIALIZED_AUTOS = YES_AGGRESSIVE;
				GCC_WARN_UNUSED_FUNCTION = YES;
				GCC_WARN_UNUSED_VARIABLE = YES;
				IPHONEOS_DEPLOYMENT_TARGET = 7.1;
				ONLY_ACTIVE_ARCH = YES;
				SDKROOT = iphoneos;
			};
			name = Debug;
		};
		11E78335190BBF2100535403 /* Release */ = {
			isa = XCBuildConfiguration;
			buildSettings = {
				ALWAYS_SEARCH_USER_PATHS = NO;
				CLANG_CXX_LANGUAGE_STANDARD = "gnu++0x";
				CLANG_CXX_LIBRARY = "libc++";
				CLANG_ENABLE_MODULES = YES;
				CLANG_ENABLE_OBJC_ARC = YES;
				CLANG_WARN_BOOL_CONVERSION = YES;
				CLANG_WARN_CONSTANT_CONVERSION = YES;
				CLANG_WARN_DIRECT_OBJC_ISA_USAGE = YES_ERROR;
				CLANG_WARN_EMPTY_BODY = YES;
				CLANG_WARN_ENUM_CONVERSION = YES;
				CLANG_WARN_INT_CONVERSION = YES;
				CLANG_WARN_OBJC_ROOT_CLASS = YES_ERROR;
				CLANG_WARN__DUPLICATE_METHOD_MATCH = YES;
				"CODE_SIGN_IDENTITY[sdk=iphoneos*]" = "iPhone Developer";
				COPY_PHASE_STRIP = YES;
				ENABLE_NS_ASSERTIONS = NO;
				GCC_C_LANGUAGE_STANDARD = gnu99;
				GCC_WARN_64_TO_32_BIT_CONVERSION = YES;
				GCC_WARN_ABOUT_RETURN_TYPE = YES_ERROR;
				GCC_WARN_UNDECLARED_SELECTOR = YES;
				GCC_WARN_UNINITIALIZED_AUTOS = YES_AGGRESSIVE;
				GCC_WARN_UNUSED_FUNCTION = YES;
				GCC_WARN_UNUSED_VARIABLE = YES;
				IPHONEOS_DEPLOYMENT_TARGET = 7.1;
				SDKROOT = iphoneos;
				VALIDATE_PRODUCT = YES;
			};
			name = Release;
		};
		11E78337190BBF2100535403 /* Debug */ = {
			isa = XCBuildConfiguration;
			buildSettings = {
				ASSETCATALOG_COMPILER_APPICON_NAME = AppIcon;
				ASSETCATALOG_COMPILER_LAUNCHIMAGE_NAME = LaunchImage;
				GCC_PRECOMPILE_PREFIX_HEADER = YES;
				GCC_PREFIX_HEADER = "U9/U9-Prefix.pch";
				INFOPLIST_FILE = "U9/U9-Info.plist";
				PRODUCT_NAME = "$(TARGET_NAME)";
				WRAPPER_EXTENSION = app;
			};
			name = Debug;
		};
		11E78338190BBF2100535403 /* Release */ = {
			isa = XCBuildConfiguration;
			buildSettings = {
				ASSETCATALOG_COMPILER_APPICON_NAME = AppIcon;
				ASSETCATALOG_COMPILER_LAUNCHIMAGE_NAME = LaunchImage;
				GCC_PRECOMPILE_PREFIX_HEADER = YES;
				GCC_PREFIX_HEADER = "U9/U9-Prefix.pch";
				INFOPLIST_FILE = "U9/U9-Info.plist";
				PRODUCT_NAME = "$(TARGET_NAME)";
				WRAPPER_EXTENSION = app;
			};
			name = Release;
		};
		11E7833A190BBF2100535403 /* Debug */ = {
			isa = XCBuildConfiguration;
			buildSettings = {
				BUNDLE_LOADER = "$(BUILT_PRODUCTS_DIR)/U9.app/U9";
				FRAMEWORK_SEARCH_PATHS = (
					"$(SDKROOT)/Developer/Library/Frameworks",
					"$(inherited)",
					"$(DEVELOPER_FRAMEWORKS_DIR)",
				);
				GCC_PRECOMPILE_PREFIX_HEADER = YES;
				GCC_PREFIX_HEADER = "U9/U9-Prefix.pch";
				GCC_PREPROCESSOR_DEFINITIONS = (
					"DEBUG=1",
					"$(inherited)",
				);
				INFOPLIST_FILE = "U9Tests/U9Tests-Info.plist";
				PRODUCT_NAME = "$(TARGET_NAME)";
				TEST_HOST = "$(BUNDLE_LOADER)";
				WRAPPER_EXTENSION = xctest;
			};
			name = Debug;
		};
		11E7833B190BBF2100535403 /* Release */ = {
			isa = XCBuildConfiguration;
			buildSettings = {
				BUNDLE_LOADER = "$(BUILT_PRODUCTS_DIR)/U9.app/U9";
				FRAMEWORK_SEARCH_PATHS = (
					"$(SDKROOT)/Developer/Library/Frameworks",
					"$(inherited)",
					"$(DEVELOPER_FRAMEWORKS_DIR)",
				);
				GCC_PRECOMPILE_PREFIX_HEADER = YES;
				GCC_PREFIX_HEADER = "U9/U9-Prefix.pch";
				INFOPLIST_FILE = "U9Tests/U9Tests-Info.plist";
				PRODUCT_NAME = "$(TARGET_NAME)";
				TEST_HOST = "$(BUNDLE_LOADER)";
				WRAPPER_EXTENSION = xctest;
			};
			name = Release;
		};
/* End XCBuildConfiguration section */

/* Begin XCConfigurationList section */
		11E782FF190BBF2000535403 /* Build configuration list for PBXProject "U9" */ = {
			isa = XCConfigurationList;
			buildConfigurations = (
				11E78334190BBF2100535403 /* Debug */,
				11E78335190BBF2100535403 /* Release */,
			);
			defaultConfigurationIsVisible = 0;
			defaultConfigurationName = Release;
		};
		11E78336190BBF2100535403 /* Build configuration list for PBXNativeTarget "U9" */ = {
			isa = XCConfigurationList;
			buildConfigurations = (
				11E78337190BBF2100535403 /* Debug */,
				11E78338190BBF2100535403 /* Release */,
			);
			defaultConfigurationIsVisible = 0;
			defaultConfigurationName = Release;
		};
		11E78339190BBF2100535403 /* Build configuration list for PBXNativeTarget "U9Tests" */ = {
			isa = XCConfigurationList;
			buildConfigurations = (
				11E7833A190BBF2100535403 /* Debug */,
				11E7833B190BBF2100535403 /* Release */,
			);
			defaultConfigurationIsVisible = 0;
			defaultConfigurationName = Release;
		};
/* End XCConfigurationList section */
	};
	rootObject = 11E782FC190BBF2000535403 /* Project object */;
}
